# This file is autogenerated, do not edit; changes may be undone by the next 'dep ensure'.


[[projects]]
  branch = "master"
  name = "github.com/hashicorp/errwrap"
  packages = ["."]
  revision = "7554cd9344cec97297fa6649b055a8c98c2a1e55"

[solve-meta]
  analyzer-name = "dep"
  analyzer-version = 1
  inputs-digest = "527f3f210762af732ef2e920ec6eb5e6b0920711204ddd6c5af7a7b7cb2209ab"
  solver-name = "gps-cdcl"
  solver-version = 1
